{
  "originHash" : "3d36ab30b1e82d29f8f828c074f8dfd74d15c55f27e161c4d0cefd43e426b1e3",
  "pins" : [
    {
      "identity" : "firebase-ios-sdk-xcframeworks",
      "kind" : "remoteSourceControl",
      "location" : "https://github.com/akaffenberger/firebase-ios-sdk-xcframeworks.git",
      "state" : {
        "revision" : "da12c5c1b302104f638210cfed8ffe6fed639b3f",
        "version" : "10.23.0"
      }
    },
    {
      "identity" : "swift-collections",
      "kind" : "remoteSourceControl",
      "location" : "https://github.com/apple/swift-collections",
      "state" : {
        "revision" : "c1805596154bb3a265fd91b8ac0c4433b4348fb0",
        "version" : "1.2.0"
      }
    },
    {
      "identity" : "swift-identified-collections",
      "kind" : "remoteSourceControl",
      "location" : "https://github.com/pointfreeco/swift-identified-collections",
      "state" : {
        "revision" : "d1e45f3e1eee2c9193f5369fa9d70a6ddad635e8",
        "version" : "1.0.0"
      }
    }
  ],
  "version" : 3
}
